// !$*UTF8*$!
{
	archiveVersion = 1;
	classes = {
	};
	objectVersion = 48;
	objects = {

/* Begin PBXBuildFile section */
		D73A8847202075D50022746D /* PPCPaperKey_2_ViewController.m in Sources */ = {isa = PBXBuildFile; fileRef = D73A8845202075D50022746D /* PPCPaperKey_2_ViewController.m */; };
		D73A8848202075D50022746D /* PPCPaperKey_2_ViewController.xib in Resources */ = {isa = PBXBuildFile; fileRef = D73A8846202075D50022746D /* PPCPaperKey_2_ViewController.xib */; };
		D73A884C202088010022746D /* PPCPaperKeyView.m in Sources */ = {isa = PBXBuildFile; fileRef = D73A884B202088010022746D /* PPCPaperKeyView.m */; };
		D73A884E202088120022746D /* PPCPaperKeyView.xib in Resources */ = {isa = PBXBuildFile; fileRef = D73A884D202088120022746D /* PPCPaperKeyView.xib */; };
		D7569D272021D61800EFB7C7 /* PPCPaperKey_3_ViewController.m in Sources */ = {isa = PBXBuildFile; fileRef = D7569D252021D61800EFB7C7 /* PPCPaperKey_3_ViewController.m */; };
		D7569D282021D61800EFB7C7 /* PPCPaperKey_3_ViewController.xib in Resources */ = {isa = PBXBuildFile; fileRef = D7569D262021D61800EFB7C7 /* PPCPaperKey_3_ViewController.xib */; };
		D7569D2A2021DB7200EFB7C7 /* JVFloatLabeledText.framework in Frameworks */ = {isa = PBXBuildFile; fileRef = D7569D292021DB7200EFB7C7 /* JVFloatLabeledText.framework */; };
		D7569D2F2021F4E700EFB7C7 /* PPCPaperKeyTableViewCell.m in Sources */ = {isa = PBXBuildFile; fileRef = D7569D2D2021F4E700EFB7C7 /* PPCPaperKeyTableViewCell.m */; };
		D7569D302021F4E700EFB7C7 /* PPCPaperKeyTableViewCell.xib in Resources */ = {isa = PBXBuildFile; fileRef = D7569D2E2021F4E700EFB7C7 /* PPCPaperKeyTableViewCell.xib */; };
		D7A364FC20248A2B00ED0E5F /* PPCRecoverWallet_1_ViewController.m in Sources */ = {isa = PBXBuildFile; fileRef = D7A364FA20248A2B00ED0E5F /* PPCRecoverWallet_1_ViewController.m */; };
		D7A364FD20248A2B00ED0E5F /* PPCRecoverWallet_1_ViewController.xib in Resources */ = {isa = PBXBuildFile; fileRef = D7A364FB20248A2B00ED0E5F /* PPCRecoverWallet_1_ViewController.xib */; };
		D7B56CA02035819D00305D42 /* PPCOverviewViewController.m in Sources */ = {isa = PBXBuildFile; fileRef = D7B56C9E2035819D00305D42 /* PPCOverviewViewController.m */; };
		D7B56CA12035819D00305D42 /* PPCOverviewViewController.xib in Resources */ = {isa = PBXBuildFile; fileRef = D7B56C9F2035819D00305D42 /* PPCOverviewViewController.xib */; };
		D7B56CA5203581C500305D42 /* PPCSendViewController.m in Sources */ = {isa = PBXBuildFile; fileRef = D7B56CA3203581C500305D42 /* PPCSendViewController.m */; };
		D7B56CA6203581C500305D42 /* PPCSendViewController.xib in Resources */ = {isa = PBXBuildFile; fileRef = D7B56CA4203581C500305D42 /* PPCSendViewController.xib */; };
		D7B56CAA203581E300305D42 /* PPCReceiveViewController.m in Sources */ = {isa = PBXBuildFile; fileRef = D7B56CA8203581E300305D42 /* PPCReceiveViewController.m */; };
		D7B56CAB203581E300305D42 /* PPCReceiveViewController.xib in Resources */ = {isa = PBXBuildFile; fileRef = D7B56CA9203581E300305D42 /* PPCReceiveViewController.xib */; };
		D7B56CAF2035820400305D42 /* PPCSettingsViewController.m in Sources */ = {isa = PBXBuildFile; fileRef = D7B56CAD2035820400305D42 /* PPCSettingsViewController.m */; };
		D7B56CB02035820400305D42 /* PPCSettingsViewController.xib in Resources */ = {isa = PBXBuildFile; fileRef = D7B56CAE2035820400305D42 /* PPCSettingsViewController.xib */; };
		D7DF54C6201B59A200701D55 /* AppDelegate.m in Sources */ = {isa = PBXBuildFile; fileRef = D7DF54C5201B59A200701D55 /* AppDelegate.m */; };
		D7DF54CE201B59A200701D55 /* Assets.xcassets in Resources */ = {isa = PBXBuildFile; fileRef = D7DF54CD201B59A200701D55 /* Assets.xcassets */; };
		D7DF54D4201B59A200701D55 /* main.m in Sources */ = {isa = PBXBuildFile; fileRef = D7DF54D3201B59A200701D55 /* main.m */; };
		D7DF54DE201B59A300701D55 /* Peercoin_WalletTests.m in Sources */ = {isa = PBXBuildFile; fileRef = D7DF54DD201B59A300701D55 /* Peercoin_WalletTests.m */; };
		D7DF54E9201B59A300701D55 /* Peercoin_WalletUITests.m in Sources */ = {isa = PBXBuildFile; fileRef = D7DF54E8201B59A300701D55 /* Peercoin_WalletUITests.m */; };
		D7DF54FA201B785B00701D55 /* AFNetworking.framework in Frameworks */ = {isa = PBXBuildFile; fileRef = D7DF54F9201B785B00701D55 /* AFNetworking.framework */; };
		D7DF54FC201B786A00701D55 /* PureLayout.framework in Frameworks */ = {isa = PBXBuildFile; fileRef = D7DF54FB201B786A00701D55 /* PureLayout.framework */; };
		D7DF54FE201B788A00701D55 /* CoreGraphics.framework in Frameworks */ = {isa = PBXBuildFile; fileRef = D7DF54FD201B788A00701D55 /* CoreGraphics.framework */; };
		D7DF5500201B79BE00701D55 /* Foundation.framework in Frameworks */ = {isa = PBXBuildFile; fileRef = D7DF54FF201B79BE00701D55 /* Foundation.framework */; };
		D7DF5505201B7B5200701D55 /* PPCWebSessionManager.m in Sources */ = {isa = PBXBuildFile; fileRef = D7DF5504201B7B5200701D55 /* PPCWebSessionManager.m */; };
		D7DF5508201B7C8900701D55 /* Reachability.m in Sources */ = {isa = PBXBuildFile; fileRef = D7DF5506201B7C8900701D55 /* Reachability.m */; };
		D7DF550F201BA3BF00701D55 /* PPCViewController.m in Sources */ = {isa = PBXBuildFile; fileRef = D7DF550E201BA3BF00701D55 /* PPCViewController.m */; };
		D7DF5512201BA3DB00701D55 /* PPCNavigationController.m in Sources */ = {isa = PBXBuildFile; fileRef = D7DF5511201BA3DB00701D55 /* PPCNavigationController.m */; };
		D7DF5517201BA58300701D55 /* PPCRootViewController.m in Sources */ = {isa = PBXBuildFile; fileRef = D7DF5515201BA58300701D55 /* PPCRootViewController.m */; };
		D7DF5518201BA58300701D55 /* PPCRootViewController.xib in Resources */ = {isa = PBXBuildFile; fileRef = D7DF5516201BA58300701D55 /* PPCRootViewController.xib */; };
		D7DF551C201BA68500701D55 /* ILContainerView.m in Sources */ = {isa = PBXBuildFile; fileRef = D7DF551B201BA68500701D55 /* ILContainerView.m */; };
		D7DF5521201BA99A00701D55 /* PPCIntroView.m in Sources */ = {isa = PBXBuildFile; fileRef = D7DF5520201BA99A00701D55 /* PPCIntroView.m */; };
		D7DF5523201BA9AD00701D55 /* PPCIntroView.xib in Resources */ = {isa = PBXBuildFile; fileRef = D7DF5522201BA9AD00701D55 /* PPCIntroView.xib */; };
		D7DF5529201BCF3C00701D55 /* PPCPINView.m in Sources */ = {isa = PBXBuildFile; fileRef = D7DF5528201BCF3C00701D55 /* PPCPINView.m */; };
		D7DF552B201BCF4E00701D55 /* PPCPINView.xib in Resources */ = {isa = PBXBuildFile; fileRef = D7DF552A201BCF4E00701D55 /* PPCPINView.xib */; };
		D7DF5530201C809700701D55 /* PPCFirstLaunchViewController.m in Sources */ = {isa = PBXBuildFile; fileRef = D7DF552E201C809700701D55 /* PPCFirstLaunchViewController.m */; };
		D7DF5531201C809700701D55 /* PPCFirstLaunchViewController.xib in Resources */ = {isa = PBXBuildFile; fileRef = D7DF552F201C809700701D55 /* PPCFirstLaunchViewController.xib */; };
		D7DF5535201C80F100701D55 /* PPCRoundButton.m in Sources */ = {isa = PBXBuildFile; fileRef = D7DF5534201C80F100701D55 /* PPCRoundButton.m */; };
		D7DF5563201C820C00701D55 /* UIView+ILcategory.m in Sources */ = {isa = PBXBuildFile; fileRef = D7DF5548201C820C00701D55 /* UIView+ILcategory.m */; };
		D7DF5570201C90E700701D55 /* Localizable.strings in Resources */ = {isa = PBXBuildFile; fileRef = D7DF5572201C90E700701D55 /* Localizable.strings */; };
		D7DF5575201C91CC00701D55 /* LaunchScreen.storyboard in Resources */ = {isa = PBXBuildFile; fileRef = D7DF5573201C91CC00701D55 /* LaunchScreen.storyboard */; };
		D7DF557C201CA5D400701D55 /* PPCSetWalletPinViewController.m in Sources */ = {isa = PBXBuildFile; fileRef = D7DF557A201CA5D400701D55 /* PPCSetWalletPinViewController.m */; };
		D7DF557D201CA5D400701D55 /* PPCSetWalletPinViewController.xib in Resources */ = {isa = PBXBuildFile; fileRef = D7DF557B201CA5D400701D55 /* PPCSetWalletPinViewController.xib */; };
		D7DF5583201F239000701D55 /* PPCEnterPinViewController.m in Sources */ = {isa = PBXBuildFile; fileRef = D7DF5581201F239000701D55 /* PPCEnterPinViewController.m */; };
		D7DF5584201F239000701D55 /* PPCEnterPinViewController.xib in Resources */ = {isa = PBXBuildFile; fileRef = D7DF5582201F239000701D55 /* PPCEnterPinViewController.xib */; };
		D7DF5588201F252C00701D55 /* PPCVirtualKeyboard.m in Sources */ = {isa = PBXBuildFile; fileRef = D7DF5587201F252C00701D55 /* PPCVirtualKeyboard.m */; };
		D7DF558C201F298E00701D55 /* PPCVirtualKeyboard.xib in Resources */ = {isa = PBXBuildFile; fileRef = D7DF558B201F298E00701D55 /* PPCVirtualKeyboard.xib */; };
		D7DF558E201F310800701D55 /* AudioToolbox.framework in Frameworks */ = {isa = PBXBuildFile; fileRef = D7DF558D201F310800701D55 /* AudioToolbox.framework */; };
		D7DF5591201F4D9D00701D55 /* LocalAuthentication.framework in Frameworks */ = {isa = PBXBuildFile; fileRef = D7DF5590201F4D9D00701D55 /* LocalAuthentication.framework */; };
		D7DF5599201F631300701D55 /* PPCPaperKey_1_ViewController.m in Sources */ = {isa = PBXBuildFile; fileRef = D7DF5597201F631300701D55 /* PPCPaperKey_1_ViewController.m */; };
		D7DF559A201F631300701D55 /* PPCPaperKey_1_ViewController.xib in Resources */ = {isa = PBXBuildFile; fileRef = D7DF5598201F631300701D55 /* PPCPaperKey_1_ViewController.xib */; };
/* End PBXBuildFile section */

/* Begin PBXContainerItemProxy section */
		D7DF54DA201B59A300701D55 /* PBXContainerItemProxy */ = {
			isa = PBXContainerItemProxy;
			containerPortal = D7DF54B9201B59A200701D55 /* Project object */;
			proxyType = 1;
			remoteGlobalIDString = D7DF54C0201B59A200701D55;
			remoteInfo = "Peercoin Wallet";
		};
		D7DF54E5201B59A300701D55 /* PBXContainerItemProxy */ = {
			isa = PBXContainerItemProxy;
			containerPortal = D7DF54B9201B59A200701D55 /* Project object */;
			proxyType = 1;
			remoteGlobalIDString = D7DF54C0201B59A200701D55;
			remoteInfo = "Peercoin Wallet";
		};
/* End PBXContainerItemProxy section */

/* Begin PBXFileReference section */
		D73A8844202075D50022746D /* PPCPaperKey_2_ViewController.h */ = {isa = PBXFileReference; lastKnownFileType = sourcecode.c.h; path = PPCPaperKey_2_ViewController.h; sourceTree = "<group>"; };
		D73A8845202075D50022746D /* PPCPaperKey_2_ViewController.m */ = {isa = PBXFileReference; lastKnownFileType = sourcecode.c.objc; path = PPCPaperKey_2_ViewController.m; sourceTree = "<group>"; };
		D73A8846202075D50022746D /* PPCPaperKey_2_ViewController.xib */ = {isa = PBXFileReference; lastKnownFileType = file.xib; path = PPCPaperKey_2_ViewController.xib; sourceTree = "<group>"; };
		D73A884A202088010022746D /* PPCPaperKeyView.h */ = {isa = PBXFileReference; lastKnownFileType = sourcecode.c.h; path = PPCPaperKeyView.h; sourceTree = "<group>"; };
		D73A884B202088010022746D /* PPCPaperKeyView.m */ = {isa = PBXFileReference; lastKnownFileType = sourcecode.c.objc; path = PPCPaperKeyView.m; sourceTree = "<group>"; };
		D73A884D202088120022746D /* PPCPaperKeyView.xib */ = {isa = PBXFileReference; lastKnownFileType = file.xib; path = PPCPaperKeyView.xib; sourceTree = "<group>"; };
		D7569D242021D61800EFB7C7 /* PPCPaperKey_3_ViewController.h */ = {isa = PBXFileReference; lastKnownFileType = sourcecode.c.h; path = PPCPaperKey_3_ViewController.h; sourceTree = "<group>"; };
		D7569D252021D61800EFB7C7 /* PPCPaperKey_3_ViewController.m */ = {isa = PBXFileReference; lastKnownFileType = sourcecode.c.objc; path = PPCPaperKey_3_ViewController.m; sourceTree = "<group>"; };
		D7569D262021D61800EFB7C7 /* PPCPaperKey_3_ViewController.xib */ = {isa = PBXFileReference; lastKnownFileType = file.xib; path = PPCPaperKey_3_ViewController.xib; sourceTree = "<group>"; };
		D7569D292021DB7200EFB7C7 /* JVFloatLabeledText.framework */ = {isa = PBXFileReference; lastKnownFileType = wrapper.framework; name = JVFloatLabeledText.framework; path = Carthage/Build/iOS/JVFloatLabeledText.framework; sourceTree = "<group>"; };
		D7569D2C2021F4E700EFB7C7 /* PPCPaperKeyTableViewCell.h */ = {isa = PBXFileReference; lastKnownFileType = sourcecode.c.h; path = PPCPaperKeyTableViewCell.h; sourceTree = "<group>"; };
		D7569D2D2021F4E700EFB7C7 /* PPCPaperKeyTableViewCell.m */ = {isa = PBXFileReference; lastKnownFileType = sourcecode.c.objc; path = PPCPaperKeyTableViewCell.m; sourceTree = "<group>"; };
		D7569D2E2021F4E700EFB7C7 /* PPCPaperKeyTableViewCell.xib */ = {isa = PBXFileReference; lastKnownFileType = file.xib; path = PPCPaperKeyTableViewCell.xib; sourceTree = "<group>"; };
		D7A364F920248A2B00ED0E5F /* PPCRecoverWallet_1_ViewController.h */ = {isa = PBXFileReference; lastKnownFileType = sourcecode.c.h; path = PPCRecoverWallet_1_ViewController.h; sourceTree = "<group>"; };
		D7A364FA20248A2B00ED0E5F /* PPCRecoverWallet_1_ViewController.m */ = {isa = PBXFileReference; lastKnownFileType = sourcecode.c.objc; path = PPCRecoverWallet_1_ViewController.m; sourceTree = "<group>"; };
		D7A364FB20248A2B00ED0E5F /* PPCRecoverWallet_1_ViewController.xib */ = {isa = PBXFileReference; lastKnownFileType = file.xib; path = PPCRecoverWallet_1_ViewController.xib; sourceTree = "<group>"; };
		D7B56C9D2035819D00305D42 /* PPCOverviewViewController.h */ = {isa = PBXFileReference; lastKnownFileType = sourcecode.c.h; path = PPCOverviewViewController.h; sourceTree = "<group>"; };
		D7B56C9E2035819D00305D42 /* PPCOverviewViewController.m */ = {isa = PBXFileReference; lastKnownFileType = sourcecode.c.objc; path = PPCOverviewViewController.m; sourceTree = "<group>"; };
		D7B56C9F2035819D00305D42 /* PPCOverviewViewController.xib */ = {isa = PBXFileReference; lastKnownFileType = file.xib; path = PPCOverviewViewController.xib; sourceTree = "<group>"; };
		D7B56CA2203581C500305D42 /* PPCSendViewController.h */ = {isa = PBXFileReference; lastKnownFileType = sourcecode.c.h; path = PPCSendViewController.h; sourceTree = "<group>"; };
		D7B56CA3203581C500305D42 /* PPCSendViewController.m */ = {isa = PBXFileReference; lastKnownFileType = sourcecode.c.objc; path = PPCSendViewController.m; sourceTree = "<group>"; };
		D7B56CA4203581C500305D42 /* PPCSendViewController.xib */ = {isa = PBXFileReference; lastKnownFileType = file.xib; path = PPCSendViewController.xib; sourceTree = "<group>"; };
		D7B56CA7203581E300305D42 /* PPCReceiveViewController.h */ = {isa = PBXFileReference; lastKnownFileType = sourcecode.c.h; path = PPCReceiveViewController.h; sourceTree = "<group>"; };
		D7B56CA8203581E300305D42 /* PPCReceiveViewController.m */ = {isa = PBXFileReference; lastKnownFileType = sourcecode.c.objc; path = PPCReceiveViewController.m; sourceTree = "<group>"; };
		D7B56CA9203581E300305D42 /* PPCReceiveViewController.xib */ = {isa = PBXFileReference; lastKnownFileType = file.xib; path = PPCReceiveViewController.xib; sourceTree = "<group>"; };
		D7B56CAC2035820400305D42 /* PPCSettingsViewController.h */ = {isa = PBXFileReference; lastKnownFileType = sourcecode.c.h; path = PPCSettingsViewController.h; sourceTree = "<group>"; };
		D7B56CAD2035820400305D42 /* PPCSettingsViewController.m */ = {isa = PBXFileReference; lastKnownFileType = sourcecode.c.objc; path = PPCSettingsViewController.m; sourceTree = "<group>"; };
		D7B56CAE2035820400305D42 /* PPCSettingsViewController.xib */ = {isa = PBXFileReference; lastKnownFileType = file.xib; path = PPCSettingsViewController.xib; sourceTree = "<group>"; };
		D7DF54C1201B59A200701D55 /* Peercoin Wallet.app */ = {isa = PBXFileReference; explicitFileType = wrapper.application; includeInIndex = 0; path = "Peercoin Wallet.app"; sourceTree = BUILT_PRODUCTS_DIR; };
		D7DF54C4201B59A200701D55 /* AppDelegate.h */ = {isa = PBXFileReference; lastKnownFileType = sourcecode.c.h; path = AppDelegate.h; sourceTree = "<group>"; };
		D7DF54C5201B59A200701D55 /* AppDelegate.m */ = {isa = PBXFileReference; lastKnownFileType = sourcecode.c.objc; path = AppDelegate.m; sourceTree = "<group>"; };
		D7DF54CD201B59A200701D55 /* Assets.xcassets */ = {isa = PBXFileReference; lastKnownFileType = folder.assetcatalog; path = Assets.xcassets; sourceTree = "<group>"; };
		D7DF54D2201B59A200701D55 /* Info.plist */ = {isa = PBXFileReference; lastKnownFileType = text.plist.xml; path = Info.plist; sourceTree = "<group>"; };
		D7DF54D3201B59A200701D55 /* main.m */ = {isa = PBXFileReference; lastKnownFileType = sourcecode.c.objc; path = main.m; sourceTree = "<group>"; };
		D7DF54D9201B59A300701D55 /* Peercoin WalletTests.xctest */ = {isa = PBXFileReference; explicitFileType = wrapper.cfbundle; includeInIndex = 0; path = "Peercoin WalletTests.xctest"; sourceTree = BUILT_PRODUCTS_DIR; };
		D7DF54DD201B59A300701D55 /* Peercoin_WalletTests.m */ = {isa = PBXFileReference; lastKnownFileType = sourcecode.c.objc; path = Peercoin_WalletTests.m; sourceTree = "<group>"; };
		D7DF54DF201B59A300701D55 /* Info.plist */ = {isa = PBXFileReference; lastKnownFileType = text.plist.xml; path = Info.plist; sourceTree = "<group>"; };
		D7DF54E4201B59A300701D55 /* Peercoin WalletUITests.xctest */ = {isa = PBXFileReference; explicitFileType = wrapper.cfbundle; includeInIndex = 0; path = "Peercoin WalletUITests.xctest"; sourceTree = BUILT_PRODUCTS_DIR; };
		D7DF54E8201B59A300701D55 /* Peercoin_WalletUITests.m */ = {isa = PBXFileReference; lastKnownFileType = sourcecode.c.objc; path = Peercoin_WalletUITests.m; sourceTree = "<group>"; };
		D7DF54EA201B59A300701D55 /* Info.plist */ = {isa = PBXFileReference; lastKnownFileType = text.plist.xml; path = Info.plist; sourceTree = "<group>"; };
		D7DF54F6201B6F6E00701D55 /* Constants.h */ = {isa = PBXFileReference; lastKnownFileType = sourcecode.c.h; path = Constants.h; sourceTree = "<group>"; };
		D7DF54F7201B767D00701D55 /* PrefixHeader.pch */ = {isa = PBXFileReference; lastKnownFileType = sourcecode.c.h; path = PrefixHeader.pch; sourceTree = "<group>"; };
		D7DF54F9201B785B00701D55 /* AFNetworking.framework */ = {isa = PBXFileReference; lastKnownFileType = wrapper.framework; name = AFNetworking.framework; path = Carthage/Build/iOS/AFNetworking.framework; sourceTree = "<group>"; };
		D7DF54FB201B786A00701D55 /* PureLayout.framework */ = {isa = PBXFileReference; lastKnownFileType = wrapper.framework; name = PureLayout.framework; path = Carthage/Build/iOS/PureLayout.framework; sourceTree = "<group>"; };
		D7DF54FD201B788A00701D55 /* CoreGraphics.framework */ = {isa = PBXFileReference; lastKnownFileType = wrapper.framework; name = CoreGraphics.framework; path = System/Library/Frameworks/CoreGraphics.framework; sourceTree = SDKROOT; };
		D7DF54FF201B79BE00701D55 /* Foundation.framework */ = {isa = PBXFileReference; lastKnownFileType = wrapper.framework; name = Foundation.framework; path = System/Library/Frameworks/Foundation.framework; sourceTree = SDKROOT; };
		D7DF5503201B7B5200701D55 /* PPCWebSessionManager.h */ = {isa = PBXFileReference; lastKnownFileType = sourcecode.c.h; path = PPCWebSessionManager.h; sourceTree = "<group>"; };
		D7DF5504201B7B5200701D55 /* PPCWebSessionManager.m */ = {isa = PBXFileReference; lastKnownFileType = sourcecode.c.objc; path = PPCWebSessionManager.m; sourceTree = "<group>"; };
		D7DF5506201B7C8900701D55 /* Reachability.m */ = {isa = PBXFileReference; fileEncoding = 4; lastKnownFileType = sourcecode.c.objc; path = Reachability.m; sourceTree = "<group>"; };
		D7DF5507201B7C8900701D55 /* Reachability.h */ = {isa = PBXFileReference; fileEncoding = 4; lastKnownFileType = sourcecode.c.h; path = Reachability.h; sourceTree = "<group>"; };
		D7DF550D201BA3BF00701D55 /* PPCViewController.h */ = {isa = PBXFileReference; lastKnownFileType = sourcecode.c.h; path = PPCViewController.h; sourceTree = "<group>"; };
		D7DF550E201BA3BF00701D55 /* PPCViewController.m */ = {isa = PBXFileReference; lastKnownFileType = sourcecode.c.objc; path = PPCViewController.m; sourceTree = "<group>"; };
		D7DF5510201BA3DB00701D55 /* PPCNavigationController.h */ = {isa = PBXFileReference; lastKnownFileType = sourcecode.c.h; path = PPCNavigationController.h; sourceTree = "<group>"; };
		D7DF5511201BA3DB00701D55 /* PPCNavigationController.m */ = {isa = PBXFileReference; lastKnownFileType = sourcecode.c.objc; path = PPCNavigationController.m; sourceTree = "<group>"; };
		D7DF5514201BA58300701D55 /* PPCRootViewController.h */ = {isa = PBXFileReference; lastKnownFileType = sourcecode.c.h; path = PPCRootViewController.h; sourceTree = "<group>"; };
		D7DF5515201BA58300701D55 /* PPCRootViewController.m */ = {isa = PBXFileReference; lastKnownFileType = sourcecode.c.objc; path = PPCRootViewController.m; sourceTree = "<group>"; };
		D7DF5516201BA58300701D55 /* PPCRootViewController.xib */ = {isa = PBXFileReference; lastKnownFileType = file.xib; path = PPCRootViewController.xib; sourceTree = "<group>"; };
		D7DF551A201BA68400701D55 /* ILContainerView.h */ = {isa = PBXFileReference; fileEncoding = 4; lastKnownFileType = sourcecode.c.h; path = ILContainerView.h; sourceTree = "<group>"; };
		D7DF551B201BA68500701D55 /* ILContainerView.m */ = {isa = PBXFileReference; fileEncoding = 4; lastKnownFileType = sourcecode.c.objc; path = ILContainerView.m; sourceTree = "<group>"; };
		D7DF551F201BA99A00701D55 /* PPCIntroView.h */ = {isa = PBXFileReference; lastKnownFileType = sourcecode.c.h; path = PPCIntroView.h; sourceTree = "<group>"; };
		D7DF5520201BA99A00701D55 /* PPCIntroView.m */ = {isa = PBXFileReference; lastKnownFileType = sourcecode.c.objc; path = PPCIntroView.m; sourceTree = "<group>"; };
		D7DF5522201BA9AD00701D55 /* PPCIntroView.xib */ = {isa = PBXFileReference; lastKnownFileType = file.xib; path = PPCIntroView.xib; sourceTree = "<group>"; };
		D7DF5527201BCF3C00701D55 /* PPCPINView.h */ = {isa = PBXFileReference; lastKnownFileType = sourcecode.c.h; path = PPCPINView.h; sourceTree = "<group>"; };
		D7DF5528201BCF3C00701D55 /* PPCPINView.m */ = {isa = PBXFileReference; lastKnownFileType = sourcecode.c.objc; path = PPCPINView.m; sourceTree = "<group>"; };
		D7DF552A201BCF4E00701D55 /* PPCPINView.xib */ = {isa = PBXFileReference; lastKnownFileType = file.xib; path = PPCPINView.xib; sourceTree = "<group>"; };
		D7DF552D201C809700701D55 /* PPCFirstLaunchViewController.h */ = {isa = PBXFileReference; lastKnownFileType = sourcecode.c.h; path = PPCFirstLaunchViewController.h; sourceTree = "<group>"; };
		D7DF552E201C809700701D55 /* PPCFirstLaunchViewController.m */ = {isa = PBXFileReference; lastKnownFileType = sourcecode.c.objc; path = PPCFirstLaunchViewController.m; sourceTree = "<group>"; };
		D7DF552F201C809700701D55 /* PPCFirstLaunchViewController.xib */ = {isa = PBXFileReference; lastKnownFileType = file.xib; path = PPCFirstLaunchViewController.xib; sourceTree = "<group>"; };
		D7DF5533201C80F100701D55 /* PPCRoundButton.h */ = {isa = PBXFileReference; lastKnownFileType = sourcecode.c.h; path = PPCRoundButton.h; sourceTree = "<group>"; };
		D7DF5534201C80F100701D55 /* PPCRoundButton.m */ = {isa = PBXFileReference; lastKnownFileType = sourcecode.c.objc; path = PPCRoundButton.m; sourceTree = "<group>"; };
		D7DF5547201C820C00701D55 /* UIView+ILcategory.h */ = {isa = PBXFileReference; fileEncoding = 4; lastKnownFileType = sourcecode.c.h; path = "UIView+ILcategory.h"; sourceTree = "<group>"; };
		D7DF5548201C820C00701D55 /* UIView+ILcategory.m */ = {isa = PBXFileReference; fileEncoding = 4; lastKnownFileType = sourcecode.c.objc; path = "UIView+ILcategory.m"; sourceTree = "<group>"; };
		D7DF5574201C91CC00701D55 /* Base */ = {isa = PBXFileReference; lastKnownFileType = file.storyboard; name = Base; path = "Peercoin Wallet/Base.lproj/LaunchScreen.storyboard"; sourceTree = SOURCE_ROOT; };
		D7DF5576201C91DD00701D55 /* Base */ = {isa = PBXFileReference; lastKnownFileType = text.plist.strings; name = Base; path = Base.lproj/Localizable.strings; sourceTree = "<group>"; };
		D7DF5577201C951B00701D55 /* BlocksAndProtocols.h */ = {isa = PBXFileReference; lastKnownFileType = sourcecode.c.h; path = BlocksAndProtocols.h; sourceTree = "<group>"; };
		D7DF5579201CA5D400701D55 /* PPCSetWalletPinViewController.h */ = {isa = PBXFileReference; lastKnownFileType = sourcecode.c.h; path = PPCSetWalletPinViewController.h; sourceTree = "<group>"; };
		D7DF557A201CA5D400701D55 /* PPCSetWalletPinViewController.m */ = {isa = PBXFileReference; lastKnownFileType = sourcecode.c.objc; path = PPCSetWalletPinViewController.m; sourceTree = "<group>"; };
		D7DF557B201CA5D400701D55 /* PPCSetWalletPinViewController.xib */ = {isa = PBXFileReference; lastKnownFileType = file.xib; path = PPCSetWalletPinViewController.xib; sourceTree = "<group>"; };
		D7DF5580201F239000701D55 /* PPCEnterPinViewController.h */ = {isa = PBXFileReference; lastKnownFileType = sourcecode.c.h; path = PPCEnterPinViewController.h; sourceTree = "<group>"; };
		D7DF5581201F239000701D55 /* PPCEnterPinViewController.m */ = {isa = PBXFileReference; lastKnownFileType = sourcecode.c.objc; path = PPCEnterPinViewController.m; sourceTree = "<group>"; };
		D7DF5582201F239000701D55 /* PPCEnterPinViewController.xib */ = {isa = PBXFileReference; lastKnownFileType = file.xib; path = PPCEnterPinViewController.xib; sourceTree = "<group>"; };
		D7DF5586201F252C00701D55 /* PPCVirtualKeyboard.h */ = {isa = PBXFileReference; lastKnownFileType = sourcecode.c.h; path = PPCVirtualKeyboard.h; sourceTree = "<group>"; };
		D7DF5587201F252C00701D55 /* PPCVirtualKeyboard.m */ = {isa = PBXFileReference; lastKnownFileType = sourcecode.c.objc; path = PPCVirtualKeyboard.m; sourceTree = "<group>"; };
		D7DF558B201F298E00701D55 /* PPCVirtualKeyboard.xib */ = {isa = PBXFileReference; lastKnownFileType = file.xib; path = PPCVirtualKeyboard.xib; sourceTree = "<group>"; };
		D7DF558D201F310800701D55 /* AudioToolbox.framework */ = {isa = PBXFileReference; lastKnownFileType = wrapper.framework; name = AudioToolbox.framework; path = System/Library/Frameworks/AudioToolbox.framework; sourceTree = SDKROOT; };
		D7DF5590201F4D9D00701D55 /* LocalAuthentication.framework */ = {isa = PBXFileReference; lastKnownFileType = wrapper.framework; name = LocalAuthentication.framework; path = System/Library/Frameworks/LocalAuthentication.framework; sourceTree = SDKROOT; };
		D7DF5596201F631300701D55 /* PPCPaperKey_1_ViewController.h */ = {isa = PBXFileReference; lastKnownFileType = sourcecode.c.h; path = PPCPaperKey_1_ViewController.h; sourceTree = "<group>"; };
		D7DF5597201F631300701D55 /* PPCPaperKey_1_ViewController.m */ = {isa = PBXFileReference; lastKnownFileType = sourcecode.c.objc; path = PPCPaperKey_1_ViewController.m; sourceTree = "<group>"; };
		D7DF5598201F631300701D55 /* PPCPaperKey_1_ViewController.xib */ = {isa = PBXFileReference; lastKnownFileType = file.xib; path = PPCPaperKey_1_ViewController.xib; sourceTree = "<group>"; };
/* End PBXFileReference section */

/* Begin PBXFrameworksBuildPhase section */
		D7DF54BE201B59A200701D55 /* Frameworks */ = {
			isa = PBXFrameworksBuildPhase;
			buildActionMask = 2147483647;
			files = (
				D7DF5591201F4D9D00701D55 /* LocalAuthentication.framework in Frameworks */,
				D7DF558E201F310800701D55 /* AudioToolbox.framework in Frameworks */,
				D7569D2A2021DB7200EFB7C7 /* JVFloatLabeledText.framework in Frameworks */,
				D7DF5500201B79BE00701D55 /* Foundation.framework in Frameworks */,
				D7DF54FE201B788A00701D55 /* CoreGraphics.framework in Frameworks */,
				D7DF54FC201B786A00701D55 /* PureLayout.framework in Frameworks */,
				D7DF54FA201B785B00701D55 /* AFNetworking.framework in Frameworks */,
			);
			runOnlyForDeploymentPostprocessing = 0;
		};
		D7DF54D6201B59A300701D55 /* Frameworks */ = {
			isa = PBXFrameworksBuildPhase;
			buildActionMask = 2147483647;
			files = (
			);
			runOnlyForDeploymentPostprocessing = 0;
		};
		D7DF54E1201B59A300701D55 /* Frameworks */ = {
			isa = PBXFrameworksBuildPhase;
			buildActionMask = 2147483647;
			files = (
			);
			runOnlyForDeploymentPostprocessing = 0;
		};
/* End PBXFrameworksBuildPhase section */

/* Begin PBXGroup section */
		D73A8849202087E80022746D /* Scroll View Element */ = {
			isa = PBXGroup;
			children = (
				D73A884A202088010022746D /* PPCPaperKeyView.h */,
				D73A884B202088010022746D /* PPCPaperKeyView.m */,
				D73A884D202088120022746D /* PPCPaperKeyView.xib */,
			);
			path = "Scroll View Element";
			sourceTree = "<group>";
		};
		D7569D2B2021F4B300EFB7C7 /* Paper Key Table View Cell */ = {
			isa = PBXGroup;
			children = (
				D7569D2C2021F4E700EFB7C7 /* PPCPaperKeyTableViewCell.h */,
				D7569D2D2021F4E700EFB7C7 /* PPCPaperKeyTableViewCell.m */,
				D7569D2E2021F4E700EFB7C7 /* PPCPaperKeyTableViewCell.xib */,
			);
			path = "Paper Key Table View Cell";
			sourceTree = "<group>";
		};
		D7A364F8202489B100ED0E5F /* Recover Wallet */ = {
			isa = PBXGroup;
			children = (
				D7A364F920248A2B00ED0E5F /* PPCRecoverWallet_1_ViewController.h */,
				D7A364FA20248A2B00ED0E5F /* PPCRecoverWallet_1_ViewController.m */,
				D7A364FB20248A2B00ED0E5F /* PPCRecoverWallet_1_ViewController.xib */,
			);
			path = "Recover Wallet";
			sourceTree = "<group>";
		};
		D7B56C992035816000305D42 /* Overview */ = {
			isa = PBXGroup;
			children = (
				D7B56C9D2035819D00305D42 /* PPCOverviewViewController.h */,
				D7B56C9E2035819D00305D42 /* PPCOverviewViewController.m */,
				D7B56C9F2035819D00305D42 /* PPCOverviewViewController.xib */,
			);
			path = Overview;
			sourceTree = "<group>";
		};
		D7B56C9A2035816E00305D42 /* Send */ = {
			isa = PBXGroup;
			children = (
				D7B56CA2203581C500305D42 /* PPCSendViewController.h */,
				D7B56CA3203581C500305D42 /* PPCSendViewController.m */,
				D7B56CA4203581C500305D42 /* PPCSendViewController.xib */,
			);
			path = Send;
			sourceTree = "<group>";
		};
		D7B56C9B2035817200305D42 /* Receive */ = {
			isa = PBXGroup;
			children = (
				D7B56CA7203581E300305D42 /* PPCReceiveViewController.h */,
				D7B56CA8203581E300305D42 /* PPCReceiveViewController.m */,
				D7B56CA9203581E300305D42 /* PPCReceiveViewController.xib */,
			);
			path = Receive;
			sourceTree = "<group>";
		};
		D7B56C9C2035817900305D42 /* Settings */ = {
			isa = PBXGroup;
			children = (
				D7B56CAC2035820400305D42 /* PPCSettingsViewController.h */,
				D7B56CAD2035820400305D42 /* PPCSettingsViewController.m */,
				D7B56CAE2035820400305D42 /* PPCSettingsViewController.xib */,
			);
			path = Settings;
			sourceTree = "<group>";
		};
		D7DF54B8201B59A200701D55 = {
			isa = PBXGroup;
			children = (
				D7DF54C3201B59A200701D55 /* Peercoin Wallet */,
				D7DF54DC201B59A300701D55 /* Peercoin WalletTests */,
				D7DF54E7201B59A300701D55 /* Peercoin WalletUITests */,
				D7DF54C2201B59A200701D55 /* Products */,
				D7DF54F8201B785B00701D55 /* Frameworks */,
			);
			sourceTree = "<group>";
		};
		D7DF54C2201B59A200701D55 /* Products */ = {
			isa = PBXGroup;
			children = (
				D7DF54C1201B59A200701D55 /* Peercoin Wallet.app */,
				D7DF54D9201B59A300701D55 /* Peercoin WalletTests.xctest */,
				D7DF54E4201B59A300701D55 /* Peercoin WalletUITests.xctest */,
			);
			name = Products;
			sourceTree = "<group>";
		};
		D7DF54C3201B59A200701D55 /* Peercoin Wallet */ = {
			isa = PBXGroup;
			children = (
				D7DF54F6201B6F6E00701D55 /* Constants.h */,
				D7DF5577201C951B00701D55 /* BlocksAndProtocols.h */,
				D7DF54F7201B767D00701D55 /* PrefixHeader.pch */,
				D7DF54C4201B59A200701D55 /* AppDelegate.h */,
				D7DF54C5201B59A200701D55 /* AppDelegate.m */,
				D7DF5509201BA35100701D55 /* UI */,
				D7DF550A201BA38200701D55 /* Managers and singletons */,
				D7DF5536201C816A00701D55 /* IL categories */,
				D7DF556D201C90B300701D55 /* Supporting files */,
				D7DF54CD201B59A200701D55 /* Assets.xcassets */,
				D7DF54D2201B59A200701D55 /* Info.plist */,
				D7DF54D3201B59A200701D55 /* main.m */,
			);
			path = "Peercoin Wallet";
			sourceTree = "<group>";
		};
		D7DF54DC201B59A300701D55 /* Peercoin WalletTests */ = {
			isa = PBXGroup;
			children = (
				D7DF54DD201B59A300701D55 /* Peercoin_WalletTests.m */,
				D7DF54DF201B59A300701D55 /* Info.plist */,
			);
			path = "Peercoin WalletTests";
			sourceTree = "<group>";
		};
		D7DF54E7201B59A300701D55 /* Peercoin WalletUITests */ = {
			isa = PBXGroup;
			children = (
				D7DF54E8201B59A300701D55 /* Peercoin_WalletUITests.m */,
				D7DF54EA201B59A300701D55 /* Info.plist */,
			);
			path = "Peercoin WalletUITests";
			sourceTree = "<group>";
		};
		D7DF54F8201B785B00701D55 /* Frameworks */ = {
			isa = PBXGroup;
			children = (
				D7569D292021DB7200EFB7C7 /* JVFloatLabeledText.framework */,
				D7DF5590201F4D9D00701D55 /* LocalAuthentication.framework */,
				D7DF558D201F310800701D55 /* AudioToolbox.framework */,
				D7DF54FF201B79BE00701D55 /* Foundation.framework */,
				D7DF54FD201B788A00701D55 /* CoreGraphics.framework */,
				D7DF54FB201B786A00701D55 /* PureLayout.framework */,
				D7DF54F9201B785B00701D55 /* AFNetworking.framework */,
			);
			name = Frameworks;
			sourceTree = "<group>";
		};
		D7DF5502201B7B0700701D55 /* Web Session Manager */ = {
			isa = PBXGroup;
			children = (
				D7DF5507201B7C8900701D55 /* Reachability.h */,
				D7DF5506201B7C8900701D55 /* Reachability.m */,
				D7DF5503201B7B5200701D55 /* PPCWebSessionManager.h */,
				D7DF5504201B7B5200701D55 /* PPCWebSessionManager.m */,
			);
			path = "Web Session Manager";
			sourceTree = "<group>";
		};
		D7DF5509201BA35100701D55 /* UI */ = {
			isa = PBXGroup;
			children = (
				D7DF550C201BA3A700701D55 /* Abstract */,
				D7DF551D201BA94B00701D55 /* Views and UI elements */,
				D7DF5519201BA63F00701D55 /* Container view */,
				D7DF5513201BA56500701D55 /* Root */,
				D7DF5524201BAACA00701D55 /* Screens */,
			);
			path = UI;
			sourceTree = "<group>";
		};
		D7DF550A201BA38200701D55 /* Managers and singletons */ = {
			isa = PBXGroup;
			children = (
				D7DF5502201B7B0700701D55 /* Web Session Manager */,
			);
			path = "Managers and singletons";
			sourceTree = "<group>";
		};
		D7DF550C201BA3A700701D55 /* Abstract */ = {
			isa = PBXGroup;
			children = (
				D7DF550D201BA3BF00701D55 /* PPCViewController.h */,
				D7DF550E201BA3BF00701D55 /* PPCViewController.m */,
				D7DF5510201BA3DB00701D55 /* PPCNavigationController.h */,
				D7DF5511201BA3DB00701D55 /* PPCNavigationController.m */,
			);
			path = Abstract;
			sourceTree = "<group>";
		};
		D7DF5513201BA56500701D55 /* Root */ = {
			isa = PBXGroup;
			children = (
				D7DF5514201BA58300701D55 /* PPCRootViewController.h */,
				D7DF5515201BA58300701D55 /* PPCRootViewController.m */,
				D7DF5516201BA58300701D55 /* PPCRootViewController.xib */,
			);
			path = Root;
			sourceTree = "<group>";
		};
		D7DF5519201BA63F00701D55 /* Container view */ = {
			isa = PBXGroup;
			children = (
				D7DF551A201BA68400701D55 /* ILContainerView.h */,
				D7DF551B201BA68500701D55 /* ILContainerView.m */,
			);
			path = "Container view";
			sourceTree = "<group>";
		};
		D7DF551D201BA94B00701D55 /* Views and UI elements */ = {
			isa = PBXGroup;
			children = (
				D7569D2B2021F4B300EFB7C7 /* Paper Key Table View Cell */,
				D7DF5585201F251300701D55 /* Virtual Keyboard */,
				D7DF5532201C80D200701D55 /* Round Button */,
				D7DF5526201BCEEE00701D55 /* PIN view */,
				D7DF551E201BA95E00701D55 /* Intro View */,
			);
			path = "Views and UI elements";
			sourceTree = "<group>";
		};
		D7DF551E201BA95E00701D55 /* Intro View */ = {
			isa = PBXGroup;
			children = (
				D7DF551F201BA99A00701D55 /* PPCIntroView.h */,
				D7DF5520201BA99A00701D55 /* PPCIntroView.m */,
				D7DF5522201BA9AD00701D55 /* PPCIntroView.xib */,
			);
			path = "Intro View";
			sourceTree = "<group>";
		};
		D7DF5524201BAACA00701D55 /* Screens */ = {
			isa = PBXGroup;
			children = (
				D7DF552C201C7F2500701D55 /* First Launch */,
				D7A364F8202489B100ED0E5F /* Recover Wallet */,
				D7DF5525201BAAE600701D55 /* Set Wallet PIN */,
				D7DF557E201F1CFD00701D55 /* Paper Key */,
				D7DF557F201F236C00701D55 /* Enter PIN */,
				D7B56C992035816000305D42 /* Overview */,
				D7B56C9A2035816E00305D42 /* Send */,
				D7B56C9B2035817200305D42 /* Receive */,
				D7B56C9C2035817900305D42 /* Settings */,
			);
			path = Screens;
			sourceTree = "<group>";
		};
		D7DF5525201BAAE600701D55 /* Set Wallet PIN */ = {
			isa = PBXGroup;
			children = (
				D7DF5579201CA5D400701D55 /* PPCSetWalletPinViewController.h */,
				D7DF557A201CA5D400701D55 /* PPCSetWalletPinViewController.m */,
				D7DF557B201CA5D400701D55 /* PPCSetWalletPinViewController.xib */,
			);
			path = "Set Wallet PIN";
			sourceTree = "<group>";
		};
		D7DF5526201BCEEE00701D55 /* PIN view */ = {
			isa = PBXGroup;
			children = (
				D7DF5527201BCF3C00701D55 /* PPCPINView.h */,
				D7DF5528201BCF3C00701D55 /* PPCPINView.m */,
				D7DF552A201BCF4E00701D55 /* PPCPINView.xib */,
			);
			path = "PIN view";
			sourceTree = "<group>";
		};
		D7DF552C201C7F2500701D55 /* First Launch */ = {
			isa = PBXGroup;
			children = (
				D7DF552D201C809700701D55 /* PPCFirstLaunchViewController.h */,
				D7DF552E201C809700701D55 /* PPCFirstLaunchViewController.m */,
				D7DF552F201C809700701D55 /* PPCFirstLaunchViewController.xib */,
			);
			path = "First Launch";
			sourceTree = "<group>";
		};
		D7DF5532201C80D200701D55 /* Round Button */ = {
			isa = PBXGroup;
			children = (
				D7DF5533201C80F100701D55 /* PPCRoundButton.h */,
				D7DF5534201C80F100701D55 /* PPCRoundButton.m */,
			);
			path = "Round Button";
			sourceTree = "<group>";
		};
		D7DF5536201C816A00701D55 /* IL categories */ = {
			isa = PBXGroup;
			children = (
				D7DF5546201C820C00701D55 /* UIView */,
			);
			path = "IL categories";
			sourceTree = "<group>";
		};
		D7DF5546201C820C00701D55 /* UIView */ = {
			isa = PBXGroup;
			children = (
				D7DF5547201C820C00701D55 /* UIView+ILcategory.h */,
				D7DF5548201C820C00701D55 /* UIView+ILcategory.m */,
			);
			path = UIView;
			sourceTree = "<group>";
		};
		D7DF556D201C90B300701D55 /* Supporting files */ = {
			isa = PBXGroup;
			children = (
				D7DF5573201C91CC00701D55 /* LaunchScreen.storyboard */,
				D7DF5572201C90E700701D55 /* Localizable.strings */,
			);
			path = "Supporting files";
			sourceTree = "<group>";
		};
		D7DF557E201F1CFD00701D55 /* Paper Key */ = {
			isa = PBXGroup;
			children = (
				D73A8849202087E80022746D /* Scroll View Element */,
				D7DF5596201F631300701D55 /* PPCPaperKey_1_ViewController.h */,
				D7DF5597201F631300701D55 /* PPCPaperKey_1_ViewController.m */,
				D7DF5598201F631300701D55 /* PPCPaperKey_1_ViewController.xib */,
				D73A8844202075D50022746D /* PPCPaperKey_2_ViewController.h */,
				D73A8845202075D50022746D /* PPCPaperKey_2_ViewController.m */,
				D73A8846202075D50022746D /* PPCPaperKey_2_ViewController.xib */,
				D7569D242021D61800EFB7C7 /* PPCPaperKey_3_ViewController.h */,
				D7569D252021D61800EFB7C7 /* PPCPaperKey_3_ViewController.m */,
				D7569D262021D61800EFB7C7 /* PPCPaperKey_3_ViewController.xib */,
			);
			path = "Paper Key";
			sourceTree = "<group>";
		};
		D7DF557F201F236C00701D55 /* Enter PIN */ = {
			isa = PBXGroup;
			children = (
				D7DF5580201F239000701D55 /* PPCEnterPinViewController.h */,
				D7DF5581201F239000701D55 /* PPCEnterPinViewController.m */,
				D7DF5582201F239000701D55 /* PPCEnterPinViewController.xib */,
			);
			path = "Enter PIN";
			sourceTree = "<group>";
		};
		D7DF5585201F251300701D55 /* Virtual Keyboard */ = {
			isa = PBXGroup;
			children = (
				D7DF5586201F252C00701D55 /* PPCVirtualKeyboard.h */,
				D7DF5587201F252C00701D55 /* PPCVirtualKeyboard.m */,
				D7DF558B201F298E00701D55 /* PPCVirtualKeyboard.xib */,
			);
			path = "Virtual Keyboard";
			sourceTree = "<group>";
		};
/* End PBXGroup section */

/* Begin PBXNativeTarget section */
		D7DF54C0201B59A200701D55 /* Peercoin Wallet */ = {
			isa = PBXNativeTarget;
			buildConfigurationList = D7DF54ED201B59A300701D55 /* Build configuration list for PBXNativeTarget "Peercoin Wallet" */;
			buildPhases = (
				D7DF54BD201B59A200701D55 /* Sources */,
				D7DF54BE201B59A200701D55 /* Frameworks */,
				D7DF54BF201B59A200701D55 /* Resources */,
				D7DF5501201B7A4700701D55 /* ShellScript */,
			);
			buildRules = (
			);
			dependencies = (
			);
			name = "Peercoin Wallet";
			productName = "Peercoin Wallet";
			productReference = D7DF54C1201B59A200701D55 /* Peercoin Wallet.app */;
			productType = "com.apple.product-type.application";
		};
		D7DF54D8201B59A300701D55 /* Peercoin WalletTests */ = {
			isa = PBXNativeTarget;
			buildConfigurationList = D7DF54F0201B59A300701D55 /* Build configuration list for PBXNativeTarget "Peercoin WalletTests" */;
			buildPhases = (
				D7DF54D5201B59A300701D55 /* Sources */,
				D7DF54D6201B59A300701D55 /* Frameworks */,
				D7DF54D7201B59A300701D55 /* Resources */,
			);
			buildRules = (
			);
			dependencies = (
				D7DF54DB201B59A300701D55 /* PBXTargetDependency */,
			);
			name = "Peercoin WalletTests";
			productName = "Peercoin WalletTests";
			productReference = D7DF54D9201B59A300701D55 /* Peercoin WalletTests.xctest */;
			productType = "com.apple.product-type.bundle.unit-test";
		};
		D7DF54E3201B59A300701D55 /* Peercoin WalletUITests */ = {
			isa = PBXNativeTarget;
			buildConfigurationList = D7DF54F3201B59A300701D55 /* Build configuration list for PBXNativeTarget "Peercoin WalletUITests" */;
			buildPhases = (
				D7DF54E0201B59A300701D55 /* Sources */,
				D7DF54E1201B59A300701D55 /* Frameworks */,
				D7DF54E2201B59A300701D55 /* Resources */,
			);
			buildRules = (
			);
			dependencies = (
				D7DF54E6201B59A300701D55 /* PBXTargetDependency */,
			);
			name = "Peercoin WalletUITests";
			productName = "Peercoin WalletUITests";
			productReference = D7DF54E4201B59A300701D55 /* Peercoin WalletUITests.xctest */;
			productType = "com.apple.product-type.bundle.ui-testing";
		};
/* End PBXNativeTarget section */

/* Begin PBXProject section */
		D7DF54B9201B59A200701D55 /* Project object */ = {
			isa = PBXProject;
			attributes = {
				LastUpgradeCheck = 0920;
				ORGANIZATIONNAME = "Ivo Leko";
				TargetAttributes = {
					D7DF54C0201B59A200701D55 = {
						CreatedOnToolsVersion = 9.2;
						ProvisioningStyle = Manual;
					};
					D7DF54D8201B59A300701D55 = {
						CreatedOnToolsVersion = 9.2;
						ProvisioningStyle = Automatic;
						TestTargetID = D7DF54C0201B59A200701D55;
					};
					D7DF54E3201B59A300701D55 = {
						CreatedOnToolsVersion = 9.2;
						ProvisioningStyle = Automatic;
						TestTargetID = D7DF54C0201B59A200701D55;
					};
				};
			};
			buildConfigurationList = D7DF54BC201B59A200701D55 /* Build configuration list for PBXProject "Peercoin Wallet" */;
			compatibilityVersion = "Xcode 8.0";
			developmentRegion = en;
			hasScannedForEncodings = 0;
			knownRegions = (
				en,
				Base,
			);
			mainGroup = D7DF54B8201B59A200701D55;
			productRefGroup = D7DF54C2201B59A200701D55 /* Products */;
			projectDirPath = "";
			projectRoot = "";
			targets = (
				D7DF54C0201B59A200701D55 /* Peercoin Wallet */,
				D7DF54D8201B59A300701D55 /* Peercoin WalletTests */,
				D7DF54E3201B59A300701D55 /* Peercoin WalletUITests */,
			);
		};
/* End PBXProject section */

/* Begin PBXResourcesBuildPhase section */
		D7DF54BF201B59A200701D55 /* Resources */ = {
			isa = PBXResourcesBuildPhase;
			buildActionMask = 2147483647;
			files = (
				D7B56CAB203581E300305D42 /* PPCReceiveViewController.xib in Resources */,
				D73A884E202088120022746D /* PPCPaperKeyView.xib in Resources */,
				D7DF552B201BCF4E00701D55 /* PPCPINView.xib in Resources */,
				D7DF5570201C90E700701D55 /* Localizable.strings in Resources */,
				D7DF5518201BA58300701D55 /* PPCRootViewController.xib in Resources */,
				D7B56CB02035820400305D42 /* PPCSettingsViewController.xib in Resources */,
				D7DF54CE201B59A200701D55 /* Assets.xcassets in Resources */,
				D73A8848202075D50022746D /* PPCPaperKey_2_ViewController.xib in Resources */,
				D7A364FD20248A2B00ED0E5F /* PPCRecoverWallet_1_ViewController.xib in Resources */,
				D7569D282021D61800EFB7C7 /* PPCPaperKey_3_ViewController.xib in Resources */,
				D7B56CA6203581C500305D42 /* PPCSendViewController.xib in Resources */,
				D7DF558C201F298E00701D55 /* PPCVirtualKeyboard.xib in Resources */,
				D7B56CA12035819D00305D42 /* PPCOverviewViewController.xib in Resources */,
				D7DF5575201C91CC00701D55 /* LaunchScreen.storyboard in Resources */,
				D7DF5531201C809700701D55 /* PPCFirstLaunchViewController.xib in Resources */,
				D7DF557D201CA5D400701D55 /* PPCSetWalletPinViewController.xib in Resources */,
				D7569D302021F4E700EFB7C7 /* PPCPaperKeyTableViewCell.xib in Resources */,
				D7DF5523201BA9AD00701D55 /* PPCIntroView.xib in Resources */,
				D7DF559A201F631300701D55 /* PPCPaperKey_1_ViewController.xib in Resources */,
				D7DF5584201F239000701D55 /* PPCEnterPinViewController.xib in Resources */,
			);
			runOnlyForDeploymentPostprocessing = 0;
		};
		D7DF54D7201B59A300701D55 /* Resources */ = {
			isa = PBXResourcesBuildPhase;
			buildActionMask = 2147483647;
			files = (
			);
			runOnlyForDeploymentPostprocessing = 0;
		};
		D7DF54E2201B59A300701D55 /* Resources */ = {
			isa = PBXResourcesBuildPhase;
			buildActionMask = 2147483647;
			files = (
			);
			runOnlyForDeploymentPostprocessing = 0;
		};
/* End PBXResourcesBuildPhase section */

/* Begin PBXShellScriptBuildPhase section */
		D7DF5501201B7A4700701D55 /* ShellScript */ = {
			isa = PBXShellScriptBuildPhase;
			buildActionMask = 2147483647;
			files = (
			);
			inputPaths = (
				"$(SRCROOT)/Carthage/Build/iOS/AFNetworking.framework",
				"$(SRCROOT)/Carthage/Build/iOS/PureLayout.framework",
				"$(SRCROOT)/Carthage/Build/iOS/JVFloatLabeledText.framework",
			);
			outputPaths = (
				"$(BUILT_PRODUCTS_DIR)/$(FRAMEWORKS_FOLDER_PATH)/AFNetworking.framework",
				"$(BUILT_PRODUCTS_DIR)/$(FRAMEWORKS_FOLDER_PATH)/PureLayout.framework",
				"$(BUILT_PRODUCTS_DIR)/$(FRAMEWORKS_FOLDER_PATH)/JVFloatLabeledText.framework",
			);
			runOnlyForDeploymentPostprocessing = 0;
			shellPath = /bin/sh;
			shellScript = "/usr/local/bin/carthage copy-frameworks";
		};
/* End PBXShellScriptBuildPhase section */

/* Begin PBXSourcesBuildPhase section */
		D7DF54BD201B59A200701D55 /* Sources */ = {
			isa = PBXSourcesBuildPhase;
			buildActionMask = 2147483647;
			files = (
				D7DF5563201C820C00701D55 /* UIView+ILcategory.m in Sources */,
				D7DF5505201B7B5200701D55 /* PPCWebSessionManager.m in Sources */,
				D7DF557C201CA5D400701D55 /* PPCSetWalletPinViewController.m in Sources */,
				D7DF5530201C809700701D55 /* PPCFirstLaunchViewController.m in Sources */,
				D7DF5599201F631300701D55 /* PPCPaperKey_1_ViewController.m in Sources */,
				D7B56CAF2035820400305D42 /* PPCSettingsViewController.m in Sources */,
				D7569D272021D61800EFB7C7 /* PPCPaperKey_3_ViewController.m in Sources */,
				D7DF5535201C80F100701D55 /* PPCRoundButton.m in Sources */,
				D7B56CA02035819D00305D42 /* PPCOverviewViewController.m in Sources */,
				D7DF5512201BA3DB00701D55 /* PPCNavigationController.m in Sources */,
				D7DF5529201BCF3C00701D55 /* PPCPINView.m in Sources */,
				D73A8847202075D50022746D /* PPCPaperKey_2_ViewController.m in Sources */,
				D7DF54D4201B59A200701D55 /* main.m in Sources */,
				D7DF5508201B7C8900701D55 /* Reachability.m in Sources */,
				D73A884C202088010022746D /* PPCPaperKeyView.m in Sources */,
				D7B56CA5203581C500305D42 /* PPCSendViewController.m in Sources */,
				D7DF5517201BA58300701D55 /* PPCRootViewController.m in Sources */,
				D7A364FC20248A2B00ED0E5F /* PPCRecoverWallet_1_ViewController.m in Sources */,
				D7DF5588201F252C00701D55 /* PPCVirtualKeyboard.m in Sources */,
				D7569D2F2021F4E700EFB7C7 /* PPCPaperKeyTableViewCell.m in Sources */,
				D7DF54C6201B59A200701D55 /* AppDelegate.m in Sources */,
				D7DF550F201BA3BF00701D55 /* PPCViewController.m in Sources */,
				D7DF551C201BA68500701D55 /* ILContainerView.m in Sources */,
				D7B56CAA203581E300305D42 /* PPCReceiveViewController.m in Sources */,
				D7DF5521201BA99A00701D55 /* PPCIntroView.m in Sources */,
				D7DF5583201F239000701D55 /* PPCEnterPinViewController.m in Sources */,
			);
			runOnlyForDeploymentPostprocessing = 0;
		};
		D7DF54D5201B59A300701D55 /* Sources */ = {
			isa = PBXSourcesBuildPhase;
			buildActionMask = 2147483647;
			files = (
				D7DF54DE201B59A300701D55 /* Peercoin_WalletTests.m in Sources */,
			);
			runOnlyForDeploymentPostprocessing = 0;
		};
		D7DF54E0201B59A300701D55 /* Sources */ = {
			isa = PBXSourcesBuildPhase;
			buildActionMask = 2147483647;
			files = (
				D7DF54E9201B59A300701D55 /* Peercoin_WalletUITests.m in Sources */,
			);
			runOnlyForDeploymentPostprocessing = 0;
		};
/* End PBXSourcesBuildPhase section */

/* Begin PBXTargetDependency section */
		D7DF54DB201B59A300701D55 /* PBXTargetDependency */ = {
			isa = PBXTargetDependency;
			target = D7DF54C0201B59A200701D55 /* Peercoin Wallet */;
			targetProxy = D7DF54DA201B59A300701D55 /* PBXContainerItemProxy */;
		};
		D7DF54E6201B59A300701D55 /* PBXTargetDependency */ = {
			isa = PBXTargetDependency;
			target = D7DF54C0201B59A200701D55 /* Peercoin Wallet */;
			targetProxy = D7DF54E5201B59A300701D55 /* PBXContainerItemProxy */;
		};
/* End PBXTargetDependency section */

/* Begin PBXVariantGroup section */
		D7DF5572201C90E700701D55 /* Localizable.strings */ = {
			isa = PBXVariantGroup;
			children = (
				D7DF5576201C91DD00701D55 /* Base */,
			);
			name = Localizable.strings;
			sourceTree = "<group>";
		};
		D7DF5573201C91CC00701D55 /* LaunchScreen.storyboard */ = {
			isa = PBXVariantGroup;
			children = (
				D7DF5574201C91CC00701D55 /* Base */,
			);
			name = LaunchScreen.storyboard;
			sourceTree = "<group>";
		};
/* End PBXVariantGroup section */

/* Begin XCBuildConfiguration section */
		D7DF54EB201B59A300701D55 /* Debug */ = {
			isa = XCBuildConfiguration;
			buildSettings = {
				ALWAYS_SEARCH_USER_PATHS = NO;
				CLANG_ANALYZER_NONNULL = YES;
				CLANG_ANALYZER_NUMBER_OBJECT_CONVERSION = YES_AGGRESSIVE;
				CLANG_CXX_LANGUAGE_STANDARD = "gnu++14";
				CLANG_CXX_LIBRARY = "libc++";
				CLANG_ENABLE_MODULES = YES;
				CLANG_ENABLE_OBJC_ARC = YES;
				CLANG_WARN_BLOCK_CAPTURE_AUTORELEASING = YES;
				CLANG_WARN_BOOL_CONVERSION = YES;
				CLANG_WARN_COMMA = YES;
				CLANG_WARN_CONSTANT_CONVERSION = YES;
				CLANG_WARN_DIRECT_OBJC_ISA_USAGE = YES_ERROR;
				CLANG_WARN_DOCUMENTATION_COMMENTS = YES;
				CLANG_WARN_EMPTY_BODY = YES;
				CLANG_WARN_ENUM_CONVERSION = YES;
				CLANG_WARN_INFINITE_RECURSION = YES;
				CLANG_WARN_INT_CONVERSION = YES;
				CLANG_WARN_NON_LITERAL_NULL_CONVERSION = YES;
				CLANG_WARN_OBJC_LITERAL_CONVERSION = YES;
				CLANG_WARN_OBJC_ROOT_CLASS = YES_ERROR;
				CLANG_WARN_RANGE_LOOP_ANALYSIS = YES;
				CLANG_WARN_STRICT_PROTOTYPES = YES;
				CLANG_WARN_SUSPICIOUS_MOVE = YES;
				CLANG_WARN_UNGUARDED_AVAILABILITY = YES_AGGRESSIVE;
				CLANG_WARN_UNREACHABLE_CODE = YES;
				CLANG_WARN__DUPLICATE_METHOD_MATCH = YES;
				CODE_SIGN_IDENTITY = "iPhone Developer";
				COPY_PHASE_STRIP = NO;
				DEBUG_INFORMATION_FORMAT = dwarf;
				ENABLE_STRICT_OBJC_MSGSEND = YES;
				ENABLE_TESTABILITY = YES;
				GCC_C_LANGUAGE_STANDARD = gnu11;
				GCC_DYNAMIC_NO_PIC = NO;
				GCC_NO_COMMON_BLOCKS = YES;
				GCC_OPTIMIZATION_LEVEL = 0;
				GCC_PREPROCESSOR_DEFINITIONS = (
					"DEBUG=1",
					"$(inherited)",
				);
				GCC_WARN_64_TO_32_BIT_CONVERSION = YES;
				GCC_WARN_ABOUT_RETURN_TYPE = YES_ERROR;
				GCC_WARN_UNDECLARED_SELECTOR = YES;
				GCC_WARN_UNINITIALIZED_AUTOS = YES_AGGRESSIVE;
				GCC_WARN_UNUSED_FUNCTION = YES;
				GCC_WARN_UNUSED_VARIABLE = YES;
				IPHONEOS_DEPLOYMENT_TARGET = 9.0;
				MTL_ENABLE_DEBUG_INFO = YES;
				ONLY_ACTIVE_ARCH = YES;
				SDKROOT = iphoneos;
			};
			name = Debug;
		};
		D7DF54EC201B59A300701D55 /* Release */ = {
			isa = XCBuildConfiguration;
			buildSettings = {
				ALWAYS_SEARCH_USER_PATHS = NO;
				CLANG_ANALYZER_NONNULL = YES;
				CLANG_ANALYZER_NUMBER_OBJECT_CONVERSION = YES_AGGRESSIVE;
				CLANG_CXX_LANGUAGE_STANDARD = "gnu++14";
				CLANG_CXX_LIBRARY = "libc++";
				CLANG_ENABLE_MODULES = YES;
				CLANG_ENABLE_OBJC_ARC = YES;
				CLANG_WARN_BLOCK_CAPTURE_AUTORELEASING = YES;
				CLANG_WARN_BOOL_CONVERSION = YES;
				CLANG_WARN_COMMA = YES;
				CLANG_WARN_CONSTANT_CONVERSION = YES;
				CLANG_WARN_DIRECT_OBJC_ISA_USAGE = YES_ERROR;
				CLANG_WARN_DOCUMENTATION_COMMENTS = YES;
				CLANG_WARN_EMPTY_BODY = YES;
				CLANG_WARN_ENUM_CONVERSION = YES;
				CLANG_WARN_INFINITE_RECURSION = YES;
				CLANG_WARN_INT_CONVERSION = YES;
				CLANG_WARN_NON_LITERAL_NULL_CONVERSION = YES;
				CLANG_WARN_OBJC_LITERAL_CONVERSION = YES;
				CLANG_WARN_OBJC_ROOT_CLASS = YES_ERROR;
				CLANG_WARN_RANGE_LOOP_ANALYSIS = YES;
				CLANG_WARN_STRICT_PROTOTYPES = YES;
				CLANG_WARN_SUSPICIOUS_MOVE = YES;
				CLANG_WARN_UNGUARDED_AVAILABILITY = YES_AGGRESSIVE;
				CLANG_WARN_UNREACHABLE_CODE = YES;
				CLANG_WARN__DUPLICATE_METHOD_MATCH = YES;
				CODE_SIGN_IDENTITY = "iPhone Developer";
				COPY_PHASE_STRIP = NO;
				DEBUG_INFORMATION_FORMAT = "dwarf-with-dsym";
				ENABLE_NS_ASSERTIONS = NO;
				ENABLE_STRICT_OBJC_MSGSEND = YES;
				GCC_C_LANGUAGE_STANDARD = gnu11;
				GCC_NO_COMMON_BLOCKS = YES;
				GCC_WARN_64_TO_32_BIT_CONVERSION = YES;
				GCC_WARN_ABOUT_RETURN_TYPE = YES_ERROR;
				GCC_WARN_UNDECLARED_SELECTOR = YES;
				GCC_WARN_UNINITIALIZED_AUTOS = YES_AGGRESSIVE;
				GCC_WARN_UNUSED_FUNCTION = YES;
				GCC_WARN_UNUSED_VARIABLE = YES;
				IPHONEOS_DEPLOYMENT_TARGET = 9.0;
				MTL_ENABLE_DEBUG_INFO = NO;
				SDKROOT = iphoneos;
				VALIDATE_PRODUCT = YES;
			};
			name = Release;
		};
		D7DF54EE201B59A300701D55 /* Debug */ = {
			isa = XCBuildConfiguration;
			buildSettings = {
				ASSETCATALOG_COMPILER_APPICON_NAME = AppIcon;
				CODE_SIGN_STYLE = Manual;
				DEVELOPMENT_TEAM = UY98EQ55SN;
				FRAMEWORK_SEARCH_PATHS = (
					"$(inherited)",
					"$(PROJECT_DIR)/Carthage/Build/iOS",
				);
				GCC_PREFIX_HEADER = "Peercoin Wallet/PrefixHeader.pch";
				INFOPLIST_FILE = "Peercoin Wallet/Info.plist";
				IPHONEOS_DEPLOYMENT_TARGET = 9.0;
				LD_RUNPATH_SEARCH_PATHS = "$(inherited) @executable_path/Frameworks";
				PRODUCT_BUNDLE_IDENTIFIER = "com.ivoleko.Peercoin-Wallet";
				PRODUCT_NAME = "$(TARGET_NAME)";
				PROVISIONING_PROFILE = "5ee29015-be4b-448e-9205-2dd5c37381be";
				PROVISIONING_PROFILE_SPECIFIER = "Ivo Leko iOS Development";
				TARGETED_DEVICE_FAMILY = 1;
			};
			name = Debug;
		};
		D7DF54EF201B59A300701D55 /* Release */ = {
			isa = XCBuildConfiguration;
			buildSettings = {
				ASSETCATALOG_COMPILER_APPICON_NAME = AppIcon;
				"CODE_SIGN_IDENTITY[sdk=iphoneos*]" = "iPhone Distribution";
				CODE_SIGN_STYLE = Manual;
				DEVELOPMENT_TEAM = UY98EQ55SN;
				FRAMEWORK_SEARCH_PATHS = (
					"$(inherited)",
					"$(PROJECT_DIR)/Carthage/Build/iOS",
				);
				GCC_PREFIX_HEADER = "Peercoin Wallet/PrefixHeader.pch";
				INFOPLIST_FILE = "Peercoin Wallet/Info.plist";
				IPHONEOS_DEPLOYMENT_TARGET = 9.0;
				LD_RUNPATH_SEARCH_PATHS = "$(inherited) @executable_path/Frameworks";
				PRODUCT_BUNDLE_IDENTIFIER = "com.ivoleko.Peercoin-Wallet";
				PRODUCT_NAME = "$(TARGET_NAME)";
				PROVISIONING_PROFILE = "fd3a4333-1f41-4d60-a1a0-cd2c8abc6498";
				PROVISIONING_PROFILE_SPECIFIER = "Ivo Leko Ad Hoc";
				TARGETED_DEVICE_FAMILY = 1;
			};
			name = Release;
		};
		D7DF54F1201B59A300701D55 /* Debug */ = {
			isa = XCBuildConfiguration;
			buildSettings = {
				BUNDLE_LOADER = "$(TEST_HOST)";
				CODE_SIGN_STYLE = Automatic;
				DEVELOPMENT_TEAM = A4JNS6S3ZD;
				INFOPLIST_FILE = "Peercoin WalletTests/Info.plist";
				LD_RUNPATH_SEARCH_PATHS = "$(inherited) @executable_path/Frameworks @loader_path/Frameworks";
				PRODUCT_BUNDLE_IDENTIFIER = "com.ivoleko.Peercoin-WalletTests";
				PRODUCT_NAME = "$(TARGET_NAME)";
				TARGETED_DEVICE_FAMILY = "1,2";
				TEST_HOST = "$(BUILT_PRODUCTS_DIR)/Peercoin Wallet.app/Peercoin Wallet";
			};
			name = Debug;
		};
		D7DF54F2201B59A300701D55 /* Release */ = {
			isa = XCBuildConfiguration;
			buildSettings = {
				BUNDLE_LOADER = "$(TEST_HOST)";
				CODE_SIGN_STYLE = Automatic;
				DEVELOPMENT_TEAM = A4JNS6S3ZD;
				INFOPLIST_FILE = "Peercoin WalletTests/Info.plist";
				LD_RUNPATH_SEARCH_PATHS = "$(inherited) @executable_path/Frameworks @loader_path/Frameworks";
				PRODUCT_BUNDLE_IDENTIFIER = "com.ivoleko.Peercoin-WalletTests";
				PRODUCT_NAME = "$(TARGET_NAME)";
				TARGETED_DEVICE_FAMILY = "1,2";
				TEST_HOST = "$(BUILT_PRODUCTS_DIR)/Peercoin Wallet.app/Peercoin Wallet";
			};
			name = Release;
		};
		D7DF54F4201B59A300701D55 /* Debug */ = {
			isa = XCBuildConfiguration;
			buildSettings = {
				CODE_SIGN_STYLE = Automatic;
				DEVELOPMENT_TEAM = A4JNS6S3ZD;
				INFOPLIST_FILE = "Peercoin WalletUITests/Info.plist";
				LD_RUNPATH_SEARCH_PATHS = "$(inherited) @executable_path/Frameworks @loader_path/Frameworks";
				PRODUCT_BUNDLE_IDENTIFIER = "com.ivoleko.Peercoin-WalletUITests";
				PRODUCT_NAME = "$(TARGET_NAME)";
				TARGETED_DEVICE_FAMILY = "1,2";
				TEST_TARGET_NAME = "Peercoin Wallet";
			};
			name = Debug;
		};
		D7DF54F5201B59A300701D55 /* Release */ = {
			isa = XCBuildConfiguration;
			buildSettings = {
				CODE_SIGN_STYLE = Automatic;
				DEVELOPMENT_TEAM = A4JNS6S3ZD;
				INFOPLIST_FILE = "Peercoin WalletUITests/Info.plist";
				LD_RUNPATH_SEARCH_PATHS = "$(inherited) @executable_path/Frameworks @loader_path/Frameworks";
				PRODUCT_BUNDLE_IDENTIFIER = "com.ivoleko.Peercoin-WalletUITests";
				PRODUCT_NAME = "$(TARGET_NAME)";
				TARGETED_DEVICE_FAMILY = "1,2";
				TEST_TARGET_NAME = "Peercoin Wallet";
			};
			name = Release;
		};
/* End XCBuildConfiguration section */

/* Begin XCConfigurationList section */
		D7DF54BC201B59A200701D55 /* Build configuration list for PBXProject "Peercoin Wallet" */ = {
			isa = XCConfigurationList;
			buildConfigurations = (
				D7DF54EB201B59A300701D55 /* Debug */,
				D7DF54EC201B59A300701D55 /* Release */,
			);
			defaultConfigurationIsVisible = 0;
			defaultConfigurationName = Release;
		};
		D7DF54ED201B59A300701D55 /* Build configuration list for PBXNativeTarget "Peercoin Wallet" */ = {
			isa = XCConfigurationList;
			buildConfigurations = (
				D7DF54EE201B59A300701D55 /* Debug */,
				D7DF54EF201B59A300701D55 /* Release */,
			);
			defaultConfigurationIsVisible = 0;
			defaultConfigurationName = Release;
		};
		D7DF54F0201B59A300701D55 /* Build configuration list for PBXNativeTarget "Peercoin WalletTests" */ = {
			isa = XCConfigurationList;
			buildConfigurations = (
				D7DF54F1201B59A300701D55 /* Debug */,
				D7DF54F2201B59A300701D55 /* Release */,
			);
			defaultConfigurationIsVisible = 0;
			defaultConfigurationName = Release;
		};
		D7DF54F3201B59A300701D55 /* Build configuration list for PBXNativeTarget "Peercoin WalletUITests" */ = {
			isa = XCConfigurationList;
			buildConfigurations = (
				D7DF54F4201B59A300701D55 /* Debug */,
				D7DF54F5201B59A300701D55 /* Release */,
			);
			defaultConfigurationIsVisible = 0;
			defaultConfigurationName = Release;
		};
/* End XCConfigurationList section */
	};
	rootObject = D7DF54B9201B59A200701D55 /* Project object */;
}
